{
    "_meta": {
        "hash": {
            "sha256": "808fa326e00c987478232f9aefe31c9690aa596014f8eb1eb6731367328e5ff9"
        },
        "pipfile-spec": 6,
        "requires": {
            "python_version": "3.6"
        },
        "sources": [
            {
                "name": "pypi",
                "url": "https://pypi.org/simple",
                "verify_ssl": true
            }
        ]
    },
    "default": {
        "parso": {
            "hashes": [
                "sha256:12b83492c6239ce32ff5eed6d3639d6a536170723c6f3f1506869f1ace413398",
                "sha256:a8c4922db71e4fdb90e0d0bc6e50f9b273d3397925e5e60a717e719201778d22"
            ],
            "index": "pypi",
            "version": "==0.8.2"
        },
        "yattag": {
            "hashes": [
                "sha256:5731a31cb7452c0c6930dd1a284e0170b39eee959851a2aceb8d6af4134a5fa8"
            ],
            "index": "pypi",
            "version": "==1.14.0"
        }
    },
    "develop": {}
}
